
Microsoft Visual Studio Solution File, Format Version 12.00
# Visual Studio Version 16
VisualStudioVersion = 16.0.31829.152
MinimumVisualStudioVersion = 10.0.40219.1
Project("{FAE04EC0-301F-11D3-BF4B-00C04F79EFBC}") = "HolePlugin", "HolePlugin\HolePlugin.csproj", "{79161EED-A0B3-473F-B96F-E5F58F125ECA}"
EndProject
Global
	GlobalSection(SolutionConfigurationPlatforms) = preSolution
		Debug|Any CPU = Debug|Any CPU
		Release|Any CPU = Release|Any CPU
	EndGlobalSection
	GlobalSection(ProjectConfigurationPlatforms) = postSolution
		{79161EED-A0B3-473F-B96F-E5F58F125ECA}.Debug|Any CPU.ActiveCfg = Debug|Any CPU
		{79161EED-A0B3-473F-B96F-E5F58F125ECA}.Debug|Any CPU.Build.0 = Debug|Any CPU
		{79161EED-A0B3-473F-B96F-E5F58F125ECA}.Release|Any CPU.ActiveCfg = Release|Any CPU
		{79161EED-A0B3-473F-B96F-E5F58F125ECA}.Release|Any CPU.Build.0 = Release|Any CPU
	EndGlobalSection
	GlobalSection(SolutionProperties) = preSolution
		HideSolutionNode = FALSE
	EndGlobalSection
	GlobalSection(ExtensibilityGlobals) = postSolution
		SolutionGuid = {8EE76709-8E13-4A06-8278-4F7D9F78859E}
	EndGlobalSection
EndGlobal
